{
  "requires": true,
  "lockfileVersion": 1,
  "dependencies": {
    "debug": {
      "version": "3.1.0",
      "resolved": "https://registry.npmjs.org/debug/-/debug-3.1.0.tgz",
      "integrity": "sha512-OX8XqP7/1a9cqkxYw2yXss15f26NKWBpDXQd0/uK/KPqdQhxbPa994hnzjcE2VqQpDslf55723cKPUOGSmMY3g==",
      "requires": {
        "ms": "2.0.0"
      }
    },
    "lodash": {
      "version": "4.17.4",
      "resolved": "https://registry.npmjs.org/lodash/-/lodash-4.17.4.tgz",
      "integrity": "sha1-eCA6TRwyiuHYbcpkYONptX9AVa4="
    },
    "markov-strings": {
      "version": "1.3.5",
      "resolved": "https://registry.npmjs.org/markov-strings/-/markov-strings-1.3.5.tgz",
      "integrity": "sha512-cGe7DSh1RrkgCxu33xeI6RAhC0KCExGvS7enHkMyieNs0MrSGm9Gu5AYmVCFcWPM/+0SN34t38OdT+/YKrjxjQ==",
      "requires": {
        "debug": "3.1.0",
        "lodash": "4.17.4"
      }
    },
    "ms": {
      "version": "2.0.0",
      "resolved": "https://registry.npmjs.org/ms/-/ms-2.0.0.tgz",
      "integrity": "sha1-VgiurfwAvmwpAd9fmGF4jeDVl8g="
    },
    "one-time": {
      "version": "0.0.4",
      "resolved": "https://registry.npmjs.org/one-time/-/one-time-0.0.4.tgz",
      "integrity": "sha1-+M33eISCb+Tf+T46nMN7HkSAdC4="
    },
    "say": {
      "version": "0.14.0",
      "resolved": "https://registry.npmjs.org/say/-/say-0.14.0.tgz",
      "integrity": "sha1-dC5wdZfXNZAi5yhRB0+FmKvP1cg=",
      "requires": {
        "one-time": "0.0.4"
      }
    }
  }
}
